// !$*UTF8*$!
{
	archiveVersion = 1;
	classes = {
	};
	objectVersion = 46;
	objects = {

/* Begin PBXBuildFile section */
		36664525901482284E0E6EAD /* Pods_tvCharts.framework in Frameworks */ = {isa = PBXBuildFile; fileRef = 8FC5F527A5AE29FEA5A72A24 /* Pods_tvCharts.framework */; };
		43F060A91D61A03A00112CD7 /* AppDelegate.swift in Sources */ = {isa = PBXBuildFile; fileRef = 43F060A81D61A03A00112CD7 /* AppDelegate.swift */; };
		43F060AB1D61A03A00112CD7 /* ViewController.swift in Sources */ = {isa = PBXBuildFile; fileRef = 43F060AA1D61A03A00112CD7 /* ViewController.swift */; };
		43F060AE1D61A03A00112CD7 /* Main.storyboard in Resources */ = {isa = PBXBuildFile; fileRef = 43F060AC1D61A03A00112CD7 /* Main.storyboard */; };
		43F060B01D61A03A00112CD7 /* Assets.xcassets in Resources */ = {isa = PBXBuildFile; fileRef = 43F060AF1D61A03A00112CD7 /* Assets.xcassets */; };
/* End PBXBuildFile section */

/* Begin PBXFileReference section */
		43F060A51D61A03A00112CD7 /* tvCharts.app */ = {isa = PBXFileReference; explicitFileType = wrapper.application; includeInIndex = 0; path = tvCharts.app; sourceTree = BUILT_PRODUCTS_DIR; };
		43F060A81D61A03A00112CD7 /* AppDelegate.swift */ = {isa = PBXFileReference; lastKnownFileType = sourcecode.swift; path = AppDelegate.swift; sourceTree = "<group>"; };
		43F060AA1D61A03A00112CD7 /* ViewController.swift */ = {isa = PBXFileReference; lastKnownFileType = sourcecode.swift; path = ViewController.swift; sourceTree = "<group>"; };
		43F060AD1D61A03A00112CD7 /* Base */ = {isa = PBXFileReference; lastKnownFileType = file.storyboard; name = Base; path = Base.lproj/Main.storyboard; sourceTree = "<group>"; };
		43F060AF1D61A03A00112CD7 /* Assets.xcassets */ = {isa = PBXFileReference; lastKnownFileType = folder.assetcatalog; path = Assets.xcassets; sourceTree = "<group>"; };
		43F060B11D61A03A00112CD7 /* Info.plist */ = {isa = PBXFileReference; lastKnownFileType = text.plist.xml; path = Info.plist; sourceTree = "<group>"; };
		8FC5F527A5AE29FEA5A72A24 /* Pods_tvCharts.framework */ = {isa = PBXFileReference; explicitFileType = wrapper.framework; includeInIndex = 0; path = Pods_tvCharts.framework; sourceTree = BUILT_PRODUCTS_DIR; };
		AC1E61D3A0EA33840E437A7A /* Pods-tvCharts.release.xcconfig */ = {isa = PBXFileReference; includeInIndex = 1; lastKnownFileType = text.xcconfig; name = "Pods-tvCharts.release.xcconfig"; path = "Pods/Target Support Files/Pods-tvCharts/Pods-tvCharts.release.xcconfig"; sourceTree = "<group>"; };
		C0A47CCA36644FEABC8A198D /* Pods-tvCharts.debug.xcconfig */ = {isa = PBXFileReference; includeInIndex = 1; lastKnownFileType = text.xcconfig; name = "Pods-tvCharts.debug.xcconfig"; path = "Pods/Target Support Files/Pods-tvCharts/Pods-tvCharts.debug.xcconfig"; sourceTree = "<group>"; };
/* End PBXFileReference section */

/* Begin PBXFrameworksBuildPhase section */
		43F060A21D61A03A00112CD7 /* Frameworks */ = {
			isa = PBXFrameworksBuildPhase;
			buildActionMask = 2147483647;
			files = (
				36664525901482284E0E6EAD /* Pods_tvCharts.framework in Frameworks */,
			);
			runOnlyForDeploymentPostprocessing = 0;
		};
/* End PBXFrameworksBuildPhase section */

/* Begin PBXGroup section */
		43F0609C1D61A03A00112CD7 = {
			isa = PBXGroup;
			children = (
				43F060A71D61A03A00112CD7 /* tvCharts */,
				43F060A61D61A03A00112CD7 /* Products */,
				984441F3CFDC93541844961D /* Pods */,
				7BF935CB6F37D648A0BB1ACF /* Frameworks */,
			);
			sourceTree = "<group>";
		};
		43F060A61D61A03A00112CD7 /* Products */ = {
			isa = PBXGroup;
			children = (
				43F060A51D61A03A00112CD7 /* tvCharts.app */,
			);
			name = Products;
			sourceTree = "<group>";
		};
		43F060A71D61A03A00112CD7 /* tvCharts */ = {
			isa = PBXGroup;
			children = (
				43F060A81D61A03A00112CD7 /* AppDelegate.swift */,
				43F060AA1D61A03A00112CD7 /* ViewController.swift */,
				43F060AC1D61A03A00112CD7 /* Main.storyboard */,
				43F060AF1D61A03A00112CD7 /* Assets.xcassets */,
				43F060B11D61A03A00112CD7 /* Info.plist */,
			);
			path = tvCharts;
			sourceTree = "<group>";
		};
		7BF935CB6F37D648A0BB1ACF /* Frameworks */ = {
			isa = PBXGroup;
			children = (
				8FC5F527A5AE29FEA5A72A24 /* Pods_tvCharts.framework */,
			);
			name = Frameworks;
			sourceTree = "<group>";
		};
		984441F3CFDC93541844961D /* Pods */ = {
			isa = PBXGroup;
			children = (
				C0A47CCA36644FEABC8A198D /* Pods-tvCharts.debug.xcconfig */,
				AC1E61D3A0EA33840E437A7A /* Pods-tvCharts.release.xcconfig */,
			);
			name = Pods;
			sourceTree = "<group>";
		};
/* End PBXGroup section */

/* Begin PBXNativeTarget section */
		43F060A41D61A03A00112CD7 /* tvCharts */ = {
			isa = PBXNativeTarget;
			buildConfigurationList = 43F060B41D61A03A00112CD7 /* Build configuration list for PBXNativeTarget "tvCharts" */;
			buildPhases = (
				586C3BC4A017E647ABE00B53 /* [CP] Check Pods Manifest.lock */,
				43F060A11D61A03A00112CD7 /* Sources */,
				43F060A21D61A03A00112CD7 /* Frameworks */,
				43F060A31D61A03A00112CD7 /* Resources */,
				79B3F355FE981670D80257E4 /* [CP] Embed Pods Frameworks */,
				1FBE3C41057589A2BCC65E02 /* [CP] Copy Pods Resources */,
			);
			buildRules = (
			);
			dependencies = (
			);
			name = tvCharts;
			productName = tvCharts;
			productReference = 43F060A51D61A03A00112CD7 /* tvCharts.app */;
			productType = "com.apple.product-type.application";
		};
/* End PBXNativeTarget section */

/* Begin PBXProject section */
		43F0609D1D61A03A00112CD7 /* Project object */ = {
			isa = PBXProject;
			attributes = {
				LastSwiftUpdateCheck = 0730;
				LastUpgradeCheck = 0730;
				ORGANIZATIONNAME = "HugBit LLC.";
				TargetAttributes = {
					43F060A41D61A03A00112CD7 = {
						CreatedOnToolsVersion = 7.3.1;
						DevelopmentTeam = DBEA87JGLW;
					};
				};
			};
			buildConfigurationList = 43F060A01D61A03A00112CD7 /* Build configuration list for PBXProject "tvCharts" */;
			compatibilityVersion = "Xcode 3.2";
			developmentRegion = English;
			hasScannedForEncodings = 0;
			knownRegions = (
				en,
				Base,
			);
			mainGroup = 43F0609C1D61A03A00112CD7;
			productRefGroup = 43F060A61D61A03A00112CD7 /* Products */;
			projectDirPath = "";
			projectRoot = "";
			targets = (
				43F060A41D61A03A00112CD7 /* tvCharts */,
			);
		};
/* End PBXProject section */

/* Begin PBXResourcesBuildPhase section */
		43F060A31D61A03A00112CD7 /* Resources */ = {
			isa = PBXResourcesBuildPhase;
			buildActionMask = 2147483647;
			files = (
				43F060B01D61A03A00112CD7 /* Assets.xcassets in Resources */,
				43F060AE1D61A03A00112CD7 /* Main.storyboard in Resources */,
			);
			runOnlyForDeploymentPostprocessing = 0;
		};
/* End PBXResourcesBuildPhase section */

/* Begin PBXShellScriptBuildPhase section */
		1FBE3C41057589A2BCC65E02 /* [CP] Copy Pods Resources */ = {
			isa = PBXShellScriptBuildPhase;
			buildActionMask = 2147483647;
			files = (
			);
			inputPaths = (
			);
			name = "[CP] Copy Pods Resources";
			outputPaths = (
			);
			runOnlyForDeploymentPostprocessing = 0;
			shellPath = /bin/sh;
			shellScript = "\"${SRCROOT}/Pods/Target Support Files/Pods-tvCharts/Pods-tvCharts-resources.sh\"\n";
			showEnvVarsInLog = 0;
		};
		586C3BC4A017E647ABE00B53 /* [CP] Check Pods Manifest.lock */ = {
			isa = PBXShellScriptBuildPhase;
			buildActionMask = 2147483647;
			files = (
			);
			inputPaths = (
			);
			name = "[CP] Check Pods Manifest.lock";
			outputPaths = (
			);
			runOnlyForDeploymentPostprocessing = 0;
			shellPath = /bin/sh;
			shellScript = "diff \"${PODS_ROOT}/../Podfile.lock\" \"${PODS_ROOT}/Manifest.lock\" > /dev/null\nif [[ $? != 0 ]] ; then\n    cat << EOM\nerror: The sandbox is not in sync with the Podfile.lock. Run 'pod install' or update your CocoaPods installation.\nEOM\n    exit 1\nfi\n";
			showEnvVarsInLog = 0;
		};
		79B3F355FE981670D80257E4 /* [CP] Embed Pods Frameworks */ = {
			isa = PBXShellScriptBuildPhase;
			buildActionMask = 2147483647;
			files = (
			);
			inputPaths = (
			);
			name = "[CP] Embed Pods Frameworks";
			outputPaths = (
			);
			runOnlyForDeploymentPostprocessing = 0;
			shellPath = /bin/sh;
			shellScript = "\"${SRCROOT}/Pods/Target Support Files/Pods-tvCharts/Pods-tvCharts-frameworks.sh\"\n";
			showEnvVarsInLog = 0;
		};
/* End PBXShellScriptBuildPhase section */

/* Begin PBXSourcesBuildPhase section */
		43F060A11D61A03A00112CD7 /* Sources */ = {
			isa = PBXSourcesBuildPhase;
			buildActionMask = 2147483647;
			files = (
				43F060AB1D61A03A00112CD7 /* ViewController.swift in Sources */,
				43F060A91D61A03A00112CD7 /* AppDelegate.swift in Sources */,
			);
			runOnlyForDeploymentPostprocessing = 0;
		};
/* End PBXSourcesBuildPhase section */

/* Begin PBXVariantGroup section */
		43F060AC1D61A03A00112CD7 /* Main.storyboard */ = {
			isa = PBXVariantGroup;
			children = (
				43F060AD1D61A03A00112CD7 /* Base */,
			);
			name = Main.storyboard;
			sourceTree = "<group>";
		};
/* End PBXVariantGroup section */

/* Begin XCBuildConfiguration section */
		43F060B21D61A03A00112CD7 /* Debug */ = {
			isa = XCBuildConfiguration;
			buildSettings = {
				ALWAYS_SEARCH_USER_PATHS = NO;
				CLANG_ANALYZER_NONNULL = YES;
				CLANG_CXX_LANGUAGE_STANDARD = "gnu++0x";
				CLANG_CXX_LIBRARY = "libc++";
				CLANG_ENABLE_MODULES = YES;
				CLANG_ENABLE_OBJC_ARC = YES;
				CLANG_WARN_BOOL_CONVERSION = YES;
				CLANG_WARN_CONSTANT_CONVERSION = YES;
				CLANG_WARN_DIRECT_OBJC_ISA_USAGE = YES_ERROR;
				CLANG_WARN_EMPTY_BODY = YES;
				CLANG_WARN_ENUM_CONVERSION = YES;
				CLANG_WARN_INT_CONVERSION = YES;
				CLANG_WARN_OBJC_ROOT_CLASS = YES_ERROR;
				CLANG_WARN_UNREACHABLE_CODE = YES;
				CLANG_WARN__DUPLICATE_METHOD_MATCH = YES;
				COPY_PHASE_STRIP = NO;
				DEBUG_INFORMATION_FORMAT = dwarf;
				ENABLE_STRICT_OBJC_MSGSEND = YES;
				ENABLE_TESTABILITY = YES;
				GCC_C_LANGUAGE_STANDARD = gnu99;
				GCC_DYNAMIC_NO_PIC = NO;
				GCC_NO_COMMON_BLOCKS = YES;
				GCC_OPTIMIZATION_LEVEL = 0;
				GCC_PREPROCESSOR_DEFINITIONS = (
					"DEBUG=1",
					"$(inherited)",
				);
				GCC_WARN_64_TO_32_BIT_CONVERSION = YES;
				GCC_WARN_ABOUT_RETURN_TYPE = YES_ERROR;
				GCC_WARN_UNDECLARED_SELECTOR = YES;
				GCC_WARN_UNINITIALIZED_AUTOS = YES_AGGRESSIVE;
				GCC_WARN_UNUSED_FUNCTION = YES;
				GCC_WARN_UNUSED_VARIABLE = YES;
				MTL_ENABLE_DEBUG_INFO = YES;
				ONLY_ACTIVE_ARCH = YES;
				SDKROOT = appletvos;
				SWIFT_OPTIMIZATION_LEVEL = "-Onone";
				TARGETED_DEVICE_FAMILY = 3;
				TVOS_DEPLOYMENT_TARGET = 9.2;
			};
			name = Debug;
		};
		43F060B31D61A03A00112CD7 /* Release */ = {
			isa = XCBuildConfiguration;
			buildSettings = {
				ALWAYS_SEARCH_USER_PATHS = NO;
				CLANG_ANALYZER_NONNULL = YES;
				CLANG_CXX_LANGUAGE_STANDARD = "gnu++0x";
				CLANG_CXX_LIBRARY = "libc++";
				CLANG_ENABLE_MODULES = YES;
				CLANG_ENABLE_OBJC_ARC = YES;
				CLANG_WARN_BOOL_CONVERSION = YES;
				CLANG_WARN_CONSTANT_CONVERSION = YES;
				CLANG_WARN_DIRECT_OBJC_ISA_USAGE = YES_ERROR;
				CLANG_WARN_EMPTY_BODY = YES;
				CLANG_WARN_ENUM_CONVERSION = YES;
				CLANG_WARN_INT_CONVERSION = YES;
				CLANG_WARN_OBJC_ROOT_CLASS = YES_ERROR;
				CLANG_WARN_UNREACHABLE_CODE = YES;
				CLANG_WARN__DUPLICATE_METHOD_MATCH = YES;
				COPY_PHASE_STRIP = NO;
				DEBUG_INFORMATION_FORMAT = "dwarf-with-dsym";
				ENABLE_NS_ASSERTIONS = NO;
				ENABLE_STRICT_OBJC_MSGSEND = YES;
				GCC_C_LANGUAGE_STANDARD = gnu99;
				GCC_NO_COMMON_BLOCKS = YES;
				GCC_WARN_64_TO_32_BIT_CONVERSION = YES;
				GCC_WARN_ABOUT_RETURN_TYPE = YES_ERROR;
				GCC_WARN_UNDECLARED_SELECTOR = YES;
				GCC_WARN_UNINITIALIZED_AUTOS = YES_AGGRESSIVE;
				GCC_WARN_UNUSED_FUNCTION = YES;
				GCC_WARN_UNUSED_VARIABLE = YES;
				MTL_ENABLE_DEBUG_INFO = NO;
				SDKROOT = appletvos;
				TARGETED_DEVICE_FAMILY = 3;
				TVOS_DEPLOYMENT_TARGET = 9.2;
				VALIDATE_PRODUCT = YES;
			};
			name = Release;
		};
		43F060B51D61A03A00112CD7 /* Debug */ = {
			isa = XCBuildConfiguration;
			baseConfigurationReference = C0A47CCA36644FEABC8A198D /* Pods-tvCharts.debug.xcconfig */;
			buildSettings = {
				ASSETCATALOG_COMPILER_APPICON_NAME = "App Icon & Top Shelf Image";
				ASSETCATALOG_COMPILER_LAUNCHIMAGE_NAME = LaunchImage;
				CODE_SIGN_IDENTITY = "iPhone Developer";
				"CODE_SIGN_IDENTITY[sdk=appletvos*]" = "iPhone Developer";
				INFOPLIST_FILE = tvCharts/Info.plist;
				LD_RUNPATH_SEARCH_PATHS = "$(inherited) @executable_path/Frameworks";
				PRODUCT_BUNDLE_IDENTIFIER = com.hugbit.tvCharts;
				PRODUCT_NAME = "$(TARGET_NAME)";
				PROVISIONING_PROFILE = "";
			};
			name = Debug;
		};
		43F060B61D61A03A00112CD7 /* Release */ = {
			isa = XCBuildConfiguration;
			baseConfigurationReference = AC1E61D3A0EA33840E437A7A /* Pods-tvCharts.release.xcconfig */;
			buildSettings = {
				ASSETCATALOG_COMPILER_APPICON_NAME = "App Icon & Top Shelf Image";
				ASSETCATALOG_COMPILER_LAUNCHIMAGE_NAME = LaunchImage;
				CODE_SIGN_IDENTITY = "iPhone Developer";
				"CODE_SIGN_IDENTITY[sdk=appletvos*]" = "iPhone Developer";
				INFOPLIST_FILE = tvCharts/Info.plist;
				LD_RUNPATH_SEARCH_PATHS = "$(inherited) @executable_path/Frameworks";
				PRODUCT_BUNDLE_IDENTIFIER = com.hugbit.tvCharts;
				PRODUCT_NAME = "$(TARGET_NAME)";
				PROVISIONING_PROFILE = "";
			};
			name = Release;
		};
/* End XCBuildConfiguration section */

/* Begin XCConfigurationList section */
		43F060A01D61A03A00112CD7 /* Build configuration list for PBXProject "tvCharts" */ = {
			isa = XCConfigurationList;
			buildConfigurations = (
				43F060B21D61A03A00112CD7 /* Debug */,
				43F060B31D61A03A00112CD7 /* Release */,
			);
			defaultConfigurationIsVisible = 0;
			defaultConfigurationName = Release;
		};
		43F060B41D61A03A00112CD7 /* Build configuration list for PBXNativeTarget "tvCharts" */ = {
			isa = XCConfigurationList;
			buildConfigurations = (
				43F060B51D61A03A00112CD7 /* Debug */,
				43F060B61D61A03A00112CD7 /* Release */,
			);
			defaultConfigurationIsVisible = 0;
			defaultConfigurationName = Release;
		};
/* End XCConfigurationList section */
	};
	rootObject = 43F0609D1D61A03A00112CD7 /* Project object */;
}
